
Microsoft Visual Studio Solution File, Format Version 12.00
# Visual Studio 14
VisualStudioVersion = 14.0.25420.1
MinimumVisualStudioVersion = 10.0.40219.1
Project("{FAE04EC0-301F-11D3-BF4B-00C04F79EFBC}") = "BIGNUM", "BIGNUM\BIGNUM.csproj", "{73801BBA-3592-439F-B9DD-7A694D543374}"
EndProject
Global
	GlobalSection(SolutionConfigurationPlatforms) = preSolution
		Debug|Any CPU = Debug|Any CPU
		Release|Any CPU = Release|Any CPU
	EndGlobalSection
	GlobalSection(ProjectConfigurationPlatforms) = postSolution
		{73801BBA-3592-439F-B9DD-7A694D543374}.Debug|Any CPU.ActiveCfg = Debug|Any CPU
		{73801BBA-3592-439F-B9DD-7A694D543374}.Debug|Any CPU.Build.0 = Debug|Any CPU
		{73801BBA-3592-439F-B9DD-7A694D543374}.Release|Any CPU.ActiveCfg = Release|Any CPU
		{73801BBA-3592-439F-B9DD-7A694D543374}.Release|Any CPU.Build.0 = Release|Any CPU
	EndGlobalSection
	GlobalSection(SolutionProperties) = preSolution
		HideSolutionNode = FALSE
	EndGlobalSection
EndGlobal
